
Microsoft Visual Studio Solution File, Format Version 12.00
# Visual Studio Version 17
VisualStudioVersion = 17.0.31903.59
MinimumVisualStudioVersion = 10.0.40219.1
Project("{2150E333-8FDC-42A3-9474-1A3956D46DE8}") = "src", "src", "{B1370349-29FA-49A1-A229-A31F7516A1FF}"
EndProject
Project("{9A19103F-16F7-4668-BE54-9A1E7A4F7556}") = "SmartComponents.AspNetCore.Components", "src\SmartComponents.AspNetCore.Components\SmartComponents.AspNetCore.Components.csproj", "{5A61C8A0-4E79-4C66-9C33-109D59B7E555}"
EndProject
Project("{9A19103F-16F7-4668-BE54-9A1E7A4F7556}") = "SmartComponents.AspNetCore", "src\SmartComponents.AspNetCore\SmartComponents.AspNetCore.csproj", "{30969CEE-CC7C-447D-A2CF-38859AD73D41}"
EndProject
Project("{2150E333-8FDC-42A3-9474-1A3956D46DE8}") = "samples", "samples", "{EDF2A38A-7762-4EEA-8C63-F32407B5EEAC}"
EndProject
Project("{9A19103F-16F7-4668-BE54-9A1E7A4F7556}") = "ExampleBlazorApp", "samples\ExampleBlazorApp\ExampleBlazorApp.csproj", "{7F662D6E-75CE-4B71-A722-C119DDCDFF2E}"
EndProject
Project("{9A19103F-16F7-4668-BE54-9A1E7A4F7556}") = "ExampleMvcRazorPagesApp", "samples\ExampleMvcRazorPagesApp\ExampleMvcRazorPagesApp.csproj", "{89303802-42B0-44DF-A962-C09825FBF40C}"
EndProject
Project("{9A19103F-16F7-4668-BE54-9A1E7A4F7556}") = "SmartComponents.StaticAssets", "src\SmartComponents.StaticAssets\SmartComponents.StaticAssets.csproj", "{1BCB545E-DC0F-422A-B5C7-E194E8F2B799}"
EndProject
Project("{9A19103F-16F7-4668-BE54-9A1E7A4F7556}") = "SmartComponents.Inference", "src\SmartComponents.Inference\SmartComponents.Inference.csproj", "{ED69BAFD-00BC-4086-A34D-466CFCEBB300}"
EndProject
Project("{2150E333-8FDC-42A3-9474-1A3956D46DE8}") = "test", "test", "{0C88DD14-F956-CE84-757C-A364CCF449FC}"
EndProject
Project("{FAE04EC0-301F-11D3-BF4B-00C04F79EFBC}") = "SmartComponents.Tests", "test\SmartComponents.Tests\SmartComponents.Tests.csproj", "{884089AD-86BD-4AAE-A569-48C7C67E500C}"
EndProject
Project("{FAE04EC0-301F-11D3-BF4B-00C04F79EFBC}") = "SmartComponents.Abstractions", "src\SmartComponents.Abstractions\SmartComponents.Abstractions.csproj", "{CC5E4F51-87F7-4E5C-914E-F18DE95EE0BB}"
EndProject
Global
	GlobalSection(SolutionConfigurationPlatforms) = preSolution
		Debug|Any CPU = Debug|Any CPU
		Debug|x64 = Debug|x64
		Debug|x86 = Debug|x86
		Release|Any CPU = Release|Any CPU
		Release|x64 = Release|x64
		Release|x86 = Release|x86
	EndGlobalSection
	GlobalSection(ProjectConfigurationPlatforms) = postSolution
		{5A61C8A0-4E79-4C66-9C33-109D59B7E555}.Debug|Any CPU.ActiveCfg = Debug|Any CPU
		{5A61C8A0-4E79-4C66-9C33-109D59B7E555}.Debug|Any CPU.Build.0 = Debug|Any CPU
		{5A61C8A0-4E79-4C66-9C33-109D59B7E555}.Debug|x64.ActiveCfg = Debug|Any CPU
		{5A61C8A0-4E79-4C66-9C33-109D59B7E555}.Debug|x64.Build.0 = Debug|Any CPU
		{5A61C8A0-4E79-4C66-9C33-109D59B7E555}.Debug|x86.ActiveCfg = Debug|Any CPU
		{5A61C8A0-4E79-4C66-9C33-109D59B7E555}.Debug|x86.Build.0 = Debug|Any CPU
		{5A61C8A0-4E79-4C66-9C33-109D59B7E555}.Release|Any CPU.ActiveCfg = Release|Any CPU
		{5A61C8A0-4E79-4C66-9C33-109D59B7E555}.Release|Any CPU.Build.0 = Release|Any CPU
		{5A61C8A0-4E79-4C66-9C33-109D59B7E555}.Release|x64.ActiveCfg = Release|Any CPU
		{5A61C8A0-4E79-4C66-9C33-109D59B7E555}.Release|x64.Build.0 = Release|Any CPU
		{5A61C8A0-4E79-4C66-9C33-109D59B7E555}.Release|x86.ActiveCfg = Release|Any CPU
		{5A61C8A0-4E79-4C66-9C33-109D59B7E555}.Release|x86.Build.0 = Release|Any CPU
		{30969CEE-CC7C-447D-A2CF-38859AD73D41}.Debug|Any CPU.ActiveCfg = Debug|Any CPU
		{30969CEE-CC7C-447D-A2CF-38859AD73D41}.Debug|Any CPU.Build.0 = Debug|Any CPU
		{30969CEE-CC7C-447D-A2CF-38859AD73D41}.Debug|x64.ActiveCfg = Debug|Any CPU
		{30969CEE-CC7C-447D-A2CF-38859AD73D41}.Debug|x64.Build.0 = Debug|Any CPU
		{30969CEE-CC7C-447D-A2CF-38859AD73D41}.Debug|x86.ActiveCfg = Debug|Any CPU
		{30969CEE-CC7C-447D-A2CF-38859AD73D41}.Debug|x86.Build.0 = Debug|Any CPU
		{30969CEE-CC7C-447D-A2CF-38859AD73D41}.Release|Any CPU.ActiveCfg = Release|Any CPU
		{30969CEE-CC7C-447D-A2CF-38859AD73D41}.Release|Any CPU.Build.0 = Release|Any CPU
		{30969CEE-CC7C-447D-A2CF-38859AD73D41}.Release|x64.ActiveCfg = Release|Any CPU
		{30969CEE-CC7C-447D-A2CF-38859AD73D41}.Release|x64.Build.0 = Release|Any CPU
		{30969CEE-CC7C-447D-A2CF-38859AD73D41}.Release|x86.ActiveCfg = Release|Any CPU
		{30969CEE-CC7C-447D-A2CF-38859AD73D41}.Release|x86.Build.0 = Release|Any CPU
		{7F662D6E-75CE-4B71-A722-C119DDCDFF2E}.Debug|Any CPU.ActiveCfg = Debug|Any CPU
		{7F662D6E-75CE-4B71-A722-C119DDCDFF2E}.Debug|Any CPU.Build.0 = Debug|Any CPU
		{7F662D6E-75CE-4B71-A722-C119DDCDFF2E}.Debug|x64.ActiveCfg = Debug|Any CPU
		{7F662D6E-75CE-4B71-A722-C119DDCDFF2E}.Debug|x64.Build.0 = Debug|Any CPU
		{7F662D6E-75CE-4B71-A722-C119DDCDFF2E}.Debug|x86.ActiveCfg = Debug|Any CPU
		{7F662D6E-75CE-4B71-A722-C119DDCDFF2E}.Debug|x86.Build.0 = Debug|Any CPU
		{7F662D6E-75CE-4B71-A722-C119DDCDFF2E}.Release|Any CPU.ActiveCfg = Release|Any CPU
		{7F662D6E-75CE-4B71-A722-C119DDCDFF2E}.Release|Any CPU.Build.0 = Release|Any CPU
		{7F662D6E-75CE-4B71-A722-C119DDCDFF2E}.Release|x64.ActiveCfg = Release|Any CPU
		{7F662D6E-75CE-4B71-A722-C119DDCDFF2E}.Release|x64.Build.0 = Release|Any CPU
		{7F662D6E-75CE-4B71-A722-C119DDCDFF2E}.Release|x86.ActiveCfg = Release|Any CPU
		{7F662D6E-75CE-4B71-A722-C119DDCDFF2E}.Release|x86.Build.0 = Release|Any CPU
		{89303802-42B0-44DF-A962-C09825FBF40C}.Debug|Any CPU.ActiveCfg = Debug|Any CPU
		{89303802-42B0-44DF-A962-C09825FBF40C}.Debug|Any CPU.Build.0 = Debug|Any CPU
		{89303802-42B0-44DF-A962-C09825FBF40C}.Debug|x64.ActiveCfg = Debug|Any CPU
		{89303802-42B0-44DF-A962-C09825FBF40C}.Debug|x64.Build.0 = Debug|Any CPU
		{89303802-42B0-44DF-A962-C09825FBF40C}.Debug|x86.ActiveCfg = Debug|Any CPU
		{89303802-42B0-44DF-A962-C09825FBF40C}.Debug|x86.Build.0 = Debug|Any CPU
		{89303802-42B0-44DF-A962-C09825FBF40C}.Release|Any CPU.ActiveCfg = Release|Any CPU
		{89303802-42B0-44DF-A962-C09825FBF40C}.Release|Any CPU.Build.0 = Release|Any CPU
		{89303802-42B0-44DF-A962-C09825FBF40C}.Release|x64.ActiveCfg = Release|Any CPU
		{89303802-42B0-44DF-A962-C09825FBF40C}.Release|x64.Build.0 = Release|Any CPU
		{89303802-42B0-44DF-A962-C09825FBF40C}.Release|x86.ActiveCfg = Release|Any CPU
		{89303802-42B0-44DF-A962-C09825FBF40C}.Release|x86.Build.0 = Release|Any CPU
		{1BCB545E-DC0F-422A-B5C7-E194E8F2B799}.Debug|Any CPU.ActiveCfg = Debug|Any CPU
		{1BCB545E-DC0F-422A-B5C7-E194E8F2B799}.Debug|Any CPU.Build.0 = Debug|Any CPU
		{1BCB545E-DC0F-422A-B5C7-E194E8F2B799}.Debug|x64.ActiveCfg = Debug|Any CPU
		{1BCB545E-DC0F-422A-B5C7-E194E8F2B799}.Debug|x64.Build.0 = Debug|Any CPU
		{1BCB545E-DC0F-422A-B5C7-E194E8F2B799}.Debug|x86.ActiveCfg = Debug|Any CPU
		{1BCB545E-DC0F-422A-B5C7-E194E8F2B799}.Debug|x86.Build.0 = Debug|Any CPU
		{1BCB545E-DC0F-422A-B5C7-E194E8F2B799}.Release|Any CPU.ActiveCfg = Release|Any CPU
		{1BCB545E-DC0F-422A-B5C7-E194E8F2B799}.Release|Any CPU.Build.0 = Release|Any CPU
		{1BCB545E-DC0F-422A-B5C7-E194E8F2B799}.Release|x64.ActiveCfg = Release|Any CPU
		{1BCB545E-DC0F-422A-B5C7-E194E8F2B799}.Release|x64.Build.0 = Release|Any CPU
		{1BCB545E-DC0F-422A-B5C7-E194E8F2B799}.Release|x86.ActiveCfg = Release|Any CPU
		{1BCB545E-DC0F-422A-B5C7-E194E8F2B799}.Release|x86.Build.0 = Release|Any CPU
		{ED69BAFD-00BC-4086-A34D-466CFCEBB300}.Debug|Any CPU.ActiveCfg = Debug|Any CPU
		{ED69BAFD-00BC-4086-A34D-466CFCEBB300}.Debug|Any CPU.Build.0 = Debug|Any CPU
		{ED69BAFD-00BC-4086-A34D-466CFCEBB300}.Debug|x64.ActiveCfg = Debug|Any CPU
		{ED69BAFD-00BC-4086-A34D-466CFCEBB300}.Debug|x64.Build.0 = Debug|Any CPU
		{ED69BAFD-00BC-4086-A34D-466CFCEBB300}.Debug|x86.ActiveCfg = Debug|Any CPU
		{ED69BAFD-00BC-4086-A34D-466CFCEBB300}.Debug|x86.Build.0 = Debug|Any CPU
		{ED69BAFD-00BC-4086-A34D-466CFCEBB300}.Release|Any CPU.ActiveCfg = Release|Any CPU
		{ED69BAFD-00BC-4086-A34D-466CFCEBB300}.Release|Any CPU.Build.0 = Release|Any CPU
		{ED69BAFD-00BC-4086-A34D-466CFCEBB300}.Release|x64.ActiveCfg = Release|Any CPU
		{ED69BAFD-00BC-4086-A34D-466CFCEBB300}.Release|x64.Build.0 = Release|Any CPU
		{ED69BAFD-00BC-4086-A34D-466CFCEBB300}.Release|x86.ActiveCfg = Release|Any CPU
		{ED69BAFD-00BC-4086-A34D-466CFCEBB300}.Release|x86.Build.0 = Release|Any CPU
		{884089AD-86BD-4AAE-A569-48C7C67E500C}.Debug|Any CPU.ActiveCfg = Debug|Any CPU
		{884089AD-86BD-4AAE-A569-48C7C67E500C}.Debug|Any CPU.Build.0 = Debug|Any CPU
		{884089AD-86BD-4AAE-A569-48C7C67E500C}.Debug|x64.ActiveCfg = Debug|Any CPU
		{884089AD-86BD-4AAE-A569-48C7C67E500C}.Debug|x64.Build.0 = Debug|Any CPU
		{884089AD-86BD-4AAE-A569-48C7C67E500C}.Debug|x86.ActiveCfg = Debug|Any CPU
		{884089AD-86BD-4AAE-A569-48C7C67E500C}.Debug|x86.Build.0 = Debug|Any CPU
		{884089AD-86BD-4AAE-A569-48C7C67E500C}.Release|Any CPU.ActiveCfg = Release|Any CPU
		{884089AD-86BD-4AAE-A569-48C7C67E500C}.Release|Any CPU.Build.0 = Release|Any CPU
		{884089AD-86BD-4AAE-A569-48C7C67E500C}.Release|x64.ActiveCfg = Release|Any CPU
		{884089AD-86BD-4AAE-A569-48C7C67E500C}.Release|x64.Build.0 = Release|Any CPU
		{884089AD-86BD-4AAE-A569-48C7C67E500C}.Release|x86.ActiveCfg = Release|Any CPU
		{884089AD-86BD-4AAE-A569-48C7C67E500C}.Release|x86.Build.0 = Release|Any CPU
		{CC5E4F51-87F7-4E5C-914E-F18DE95EE0BB}.Debug|Any CPU.ActiveCfg = Debug|Any CPU
		{CC5E4F51-87F7-4E5C-914E-F18DE95EE0BB}.Debug|Any CPU.Build.0 = Debug|Any CPU
		{CC5E4F51-87F7-4E5C-914E-F18DE95EE0BB}.Debug|x64.ActiveCfg = Debug|Any CPU
		{CC5E4F51-87F7-4E5C-914E-F18DE95EE0BB}.Debug|x64.Build.0 = Debug|Any CPU
		{CC5E4F51-87F7-4E5C-914E-F18DE95EE0BB}.Debug|x86.ActiveCfg = Debug|Any CPU
		{CC5E4F51-87F7-4E5C-914E-F18DE95EE0BB}.Debug|x86.Build.0 = Debug|Any CPU
		{CC5E4F51-87F7-4E5C-914E-F18DE95EE0BB}.Release|Any CPU.ActiveCfg = Release|Any CPU
		{CC5E4F51-87F7-4E5C-914E-F18DE95EE0BB}.Release|Any CPU.Build.0 = Release|Any CPU
		{CC5E4F51-87F7-4E5C-914E-F18DE95EE0BB}.Release|x64.ActiveCfg = Release|Any CPU
		{CC5E4F51-87F7-4E5C-914E-F18DE95EE0BB}.Release|x64.Build.0 = Release|Any CPU
		{CC5E4F51-87F7-4E5C-914E-F18DE95EE0BB}.Release|x86.ActiveCfg = Release|Any CPU
		{CC5E4F51-87F7-4E5C-914E-F18DE95EE0BB}.Release|x86.Build.0 = Release|Any CPU
	EndGlobalSection
	GlobalSection(SolutionProperties) = preSolution
		HideSolutionNode = FALSE
	EndGlobalSection
	GlobalSection(NestedProjects) = preSolution
		{5A61C8A0-4E79-4C66-9C33-109D59B7E555} = {B1370349-29FA-49A1-A229-A31F7516A1FF}
		{30969CEE-CC7C-447D-A2CF-38859AD73D41} = {B1370349-29FA-49A1-A229-A31F7516A1FF}
		{7F662D6E-75CE-4B71-A722-C119DDCDFF2E} = {EDF2A38A-7762-4EEA-8C63-F32407B5EEAC}
		{89303802-42B0-44DF-A962-C09825FBF40C} = {EDF2A38A-7762-4EEA-8C63-F32407B5EEAC}
		{1BCB545E-DC0F-422A-B5C7-E194E8F2B799} = {B1370349-29FA-49A1-A229-A31F7516A1FF}
		{ED69BAFD-00BC-4086-A34D-466CFCEBB300} = {B1370349-29FA-49A1-A229-A31F7516A1FF}
		{884089AD-86BD-4AAE-A569-48C7C67E500C} = {0C88DD14-F956-CE84-757C-A364CCF449FC}
		{CC5E4F51-87F7-4E5C-914E-F18DE95EE0BB} = {B1370349-29FA-49A1-A229-A31F7516A1FF}
	EndGlobalSection
	GlobalSection(ExtensibilityGlobals) = postSolution
		SolutionGuid = {9D22AAE3-5C4E-4636-8FE0-FD175D10A3CA}
	EndGlobalSection
EndGlobal
